// !$*UTF8*$!
{
	archiveVersion = 1;
	classes = {
	};
	objectVersion = 46;
	objects = {

/* Begin PBXBuildFile section */
		8C3DAD9F1D21F0C800B17F03 /* Track.swift in Sources */ = {isa = PBXBuildFile; fileRef = 8C3DAD9E1D21F0C800B17F03 /* Track.swift */; };
		8C58322D1D09150F00E7D5AF /* GoogleService-Info.plist in Resources */ = {isa = PBXBuildFile; fileRef = 8C58322C1D09150F00E7D5AF /* GoogleService-Info.plist */; };
		8C7872071D15DC580066886A /* ProfileHeaderView.swift in Sources */ = {isa = PBXBuildFile; fileRef = 8C7872061D15DC580066886A /* ProfileHeaderView.swift */; };
		8C7872091D15DD510066886A /* ProfileViewController.swift in Sources */ = {isa = PBXBuildFile; fileRef = 8C7872081D15DD510066886A /* ProfileViewController.swift */; };
		8C9296E41D10D53600144861 /* RoundButton.swift in Sources */ = {isa = PBXBuildFile; fileRef = 8C9296E31D10D53600144861 /* RoundButton.swift */; };
		8C9296E61D10D74600144861 /* Music-Concert-Crowd.jpg in Resources */ = {isa = PBXBuildFile; fileRef = 8C9296E51D10D74600144861 /* Music-Concert-Crowd.jpg */; };
		8C9296EA1D10D85C00144861 /* neutral_user.png in Resources */ = {isa = PBXBuildFile; fileRef = 8C9296E91D10D85C00144861 /* neutral_user.png */; };
		8C9296EE1D10D99600144861 /* default_profile.png in Resources */ = {isa = PBXBuildFile; fileRef = 8C9296ED1D10D99600144861 /* default_profile.png */; };
		8C97DBAD1D20C51F00981ADD /* AudienceTableViewCell.swift in Sources */ = {isa = PBXBuildFile; fileRef = 8C97DBAC1D20C51F00981ADD /* AudienceTableViewCell.swift */; };
		8C97DBAF1D20C53200981ADD /* AudienceViewController.swift in Sources */ = {isa = PBXBuildFile; fileRef = 8C97DBAE1D20C53200981ADD /* AudienceViewController.swift */; };
		8CA114EB1D0C8F680091A25F /* LoginViewController.swift in Sources */ = {isa = PBXBuildFile; fileRef = 8CA114EA1D0C8F680091A25F /* LoginViewController.swift */; };
		8CA7B0B61D110B3C00ECC54C /* SignUpViewController.swift in Sources */ = {isa = PBXBuildFile; fileRef = 8CA7B0B51D110B3C00ECC54C /* SignUpViewController.swift */; };
		8CABB9631D1F2200005F9A12 /* AnyUserViewController.swift in Sources */ = {isa = PBXBuildFile; fileRef = 8CABB9621D1F2200005F9A12 /* AnyUserViewController.swift */; };
		8CABB9651D1F2ABF005F9A12 /* UserHeaderTableViewCell.swift in Sources */ = {isa = PBXBuildFile; fileRef = 8CABB9641D1F2ABF005F9A12 /* UserHeaderTableViewCell.swift */; };
		8CABB9671D1F7A58005F9A12 /* UserTableViewCell.swift in Sources */ = {isa = PBXBuildFile; fileRef = 8CABB9661D1F7A58005F9A12 /* UserTableViewCell.swift */; };
		8CAD08931D15F289006072DB /* ProfileHeaderTableViewCell.swift in Sources */ = {isa = PBXBuildFile; fileRef = 8CAD08921D15F289006072DB /* ProfileHeaderTableViewCell.swift */; };
		8CAD08951D15FB07006072DB /* ProfileTableViewCell.swift in Sources */ = {isa = PBXBuildFile; fileRef = 8CAD08941D15FB07006072DB /* ProfileTableViewCell.swift */; };
		8CBC66A11D1504F7006A7331 /* Utilities.swift in Sources */ = {isa = PBXBuildFile; fileRef = 8CBC66A01D1504F7006A7331 /* Utilities.swift */; };
		8CDF694C1D07B1D30024CE55 /* AppDelegate.swift in Sources */ = {isa = PBXBuildFile; fileRef = 8CDF694B1D07B1D30024CE55 /* AppDelegate.swift */; };
		8CDF69511D07B1D30024CE55 /* Main.storyboard in Resources */ = {isa = PBXBuildFile; fileRef = 8CDF694F1D07B1D30024CE55 /* Main.storyboard */; };
		8CDF69531D07B1D30024CE55 /* Assets.xcassets in Resources */ = {isa = PBXBuildFile; fileRef = 8CDF69521D07B1D30024CE55 /* Assets.xcassets */; };
		8CDF69561D07B1D30024CE55 /* LaunchScreen.storyboard in Resources */ = {isa = PBXBuildFile; fileRef = 8CDF69541D07B1D30024CE55 /* LaunchScreen.storyboard */; };
		8CDF69601D07B4130024CE55 /* SpotifyAPI.swift in Sources */ = {isa = PBXBuildFile; fileRef = 8CDF695F1D07B4130024CE55 /* SpotifyAPI.swift */; };
		8CDF69631D07B4D70024CE55 /* HomeViewController.swift in Sources */ = {isa = PBXBuildFile; fileRef = 8CDF69621D07B4D70024CE55 /* HomeViewController.swift */; };
		8CDF69651D07B5470024CE55 /* SearchViewController.swift in Sources */ = {isa = PBXBuildFile; fileRef = 8CDF69641D07B5470024CE55 /* SearchViewController.swift */; };
		8CDF69681D07B93D0024CE55 /* HomeCollectionCell.swift in Sources */ = {isa = PBXBuildFile; fileRef = 8CDF69671D07B93D0024CE55 /* HomeCollectionCell.swift */; };
		8CDF696A1D07BFDB0024CE55 /* SpotifyTrack.swift in Sources */ = {isa = PBXBuildFile; fileRef = 8CDF69691D07BFDB0024CE55 /* SpotifyTrack.swift */; };
		8CDF696C1D07C34F0024CE55 /* SearchMusicTableCell.swift in Sources */ = {isa = PBXBuildFile; fileRef = 8CDF696B1D07C34F0024CE55 /* SearchMusicTableCell.swift */; };
		8CE082CE1D0FB73B00907395 /* home.png in Resources */ = {isa = PBXBuildFile; fileRef = 8CE082CD1D0FB73B00907395 /* home.png */; };
		8CE082D21D0FB7D400907395 /* search.png in Resources */ = {isa = PBXBuildFile; fileRef = 8CE082D11D0FB7D400907395 /* search.png */; };
		97277FB670D105552BD4BBF5 /* Pods_SongBar.framework in Frameworks */ = {isa = PBXBuildFile; fileRef = 8A604E841DCA74B27652B9A1 /* Pods_SongBar.framework */; };
/* End PBXBuildFile section */

/* Begin PBXFileReference section */
		76E90A5D9FC6E92CC7295C36 /* Pods-SongBar.release.xcconfig */ = {isa = PBXFileReference; includeInIndex = 1; lastKnownFileType = text.xcconfig; name = "Pods-SongBar.release.xcconfig"; path = "Pods/Target Support Files/Pods-SongBar/Pods-SongBar.release.xcconfig"; sourceTree = "<group>"; };
		8A604E841DCA74B27652B9A1 /* Pods_SongBar.framework */ = {isa = PBXFileReference; explicitFileType = wrapper.framework; includeInIndex = 0; path = Pods_SongBar.framework; sourceTree = BUILT_PRODUCTS_DIR; };
		8C3DAD9E1D21F0C800B17F03 /* Track.swift */ = {isa = PBXFileReference; fileEncoding = 4; lastKnownFileType = sourcecode.swift; path = Track.swift; sourceTree = "<group>"; };
		8C58322C1D09150F00E7D5AF /* GoogleService-Info.plist */ = {isa = PBXFileReference; fileEncoding = 4; lastKnownFileType = text.plist.xml; name = "GoogleService-Info.plist"; path = "../GoogleService-Info.plist"; sourceTree = "<group>"; };
		8C7872061D15DC580066886A /* ProfileHeaderView.swift */ = {isa = PBXFileReference; fileEncoding = 4; lastKnownFileType = sourcecode.swift; path = ProfileHeaderView.swift; sourceTree = "<group>"; };
		8C7872081D15DD510066886A /* ProfileViewController.swift */ = {isa = PBXFileReference; fileEncoding = 4; lastKnownFileType = sourcecode.swift; path = ProfileViewController.swift; sourceTree = "<group>"; };
		8C9296E31D10D53600144861 /* RoundButton.swift */ = {isa = PBXFileReference; fileEncoding = 4; lastKnownFileType = sourcecode.swift; path = RoundButton.swift; sourceTree = "<group>"; };
		8C9296E51D10D74600144861 /* Music-Concert-Crowd.jpg */ = {isa = PBXFileReference; lastKnownFileType = image.jpeg; path = "Music-Concert-Crowd.jpg"; sourceTree = "<group>"; };
		8C9296E91D10D85C00144861 /* neutral_user.png */ = {isa = PBXFileReference; lastKnownFileType = image.png; path = neutral_user.png; sourceTree = "<group>"; };
		8C9296ED1D10D99600144861 /* default_profile.png */ = {isa = PBXFileReference; lastKnownFileType = image.png; path = default_profile.png; sourceTree = "<group>"; };
		8C97DBAC1D20C51F00981ADD /* AudienceTableViewCell.swift */ = {isa = PBXFileReference; fileEncoding = 4; lastKnownFileType = sourcecode.swift; path = AudienceTableViewCell.swift; sourceTree = "<group>"; };
		8C97DBAE1D20C53200981ADD /* AudienceViewController.swift */ = {isa = PBXFileReference; fileEncoding = 4; lastKnownFileType = sourcecode.swift; path = AudienceViewController.swift; sourceTree = "<group>"; };
		8CA114EA1D0C8F680091A25F /* LoginViewController.swift */ = {isa = PBXFileReference; fileEncoding = 4; lastKnownFileType = sourcecode.swift; path = LoginViewController.swift; sourceTree = "<group>"; };
		8CA7B0B51D110B3C00ECC54C /* SignUpViewController.swift */ = {isa = PBXFileReference; fileEncoding = 4; lastKnownFileType = sourcecode.swift; path = SignUpViewController.swift; sourceTree = "<group>"; };
		8CABB9621D1F2200005F9A12 /* AnyUserViewController.swift */ = {isa = PBXFileReference; fileEncoding = 4; lastKnownFileType = sourcecode.swift; path = AnyUserViewController.swift; sourceTree = "<group>"; };
		8CABB9641D1F2ABF005F9A12 /* UserHeaderTableViewCell.swift */ = {isa = PBXFileReference; fileEncoding = 4; lastKnownFileType = sourcecode.swift; path = UserHeaderTableViewCell.swift; sourceTree = "<group>"; };
		8CABB9661D1F7A58005F9A12 /* UserTableViewCell.swift */ = {isa = PBXFileReference; fileEncoding = 4; lastKnownFileType = sourcecode.swift; path = UserTableViewCell.swift; sourceTree = "<group>"; };
		8CAD08921D15F289006072DB /* ProfileHeaderTableViewCell.swift */ = {isa = PBXFileReference; fileEncoding = 4; lastKnownFileType = sourcecode.swift; path = ProfileHeaderTableViewCell.swift; sourceTree = "<group>"; };
		8CAD08941D15FB07006072DB /* ProfileTableViewCell.swift */ = {isa = PBXFileReference; fileEncoding = 4; lastKnownFileType = sourcecode.swift; path = ProfileTableViewCell.swift; sourceTree = "<group>"; };
		8CBC66A01D1504F7006A7331 /* Utilities.swift */ = {isa = PBXFileReference; fileEncoding = 4; lastKnownFileType = sourcecode.swift; path = Utilities.swift; sourceTree = "<group>"; };
		8CDF69481D07B1D30024CE55 /* SongBar.app */ = {isa = PBXFileReference; explicitFileType = wrapper.application; includeInIndex = 0; path = SongBar.app; sourceTree = BUILT_PRODUCTS_DIR; };
		8CDF694B1D07B1D30024CE55 /* AppDelegate.swift */ = {isa = PBXFileReference; lastKnownFileType = sourcecode.swift; path = AppDelegate.swift; sourceTree = "<group>"; };
		8CDF69501D07B1D30024CE55 /* Base */ = {isa = PBXFileReference; lastKnownFileType = file.storyboard; name = Base; path = Base.lproj/Main.storyboard; sourceTree = "<group>"; };
		8CDF69521D07B1D30024CE55 /* Assets.xcassets */ = {isa = PBXFileReference; lastKnownFileType = folder.assetcatalog; path = Assets.xcassets; sourceTree = "<group>"; };
		8CDF69551D07B1D30024CE55 /* Base */ = {isa = PBXFileReference; lastKnownFileType = file.storyboard; name = Base; path = Base.lproj/LaunchScreen.storyboard; sourceTree = "<group>"; };
		8CDF69571D07B1D30024CE55 /* Info.plist */ = {isa = PBXFileReference; lastKnownFileType = text.plist.xml; path = Info.plist; sourceTree = "<group>"; };
		8CDF695F1D07B4130024CE55 /* SpotifyAPI.swift */ = {isa = PBXFileReference; fileEncoding = 4; lastKnownFileType = sourcecode.swift; path = SpotifyAPI.swift; sourceTree = "<group>"; };
		8CDF69621D07B4D70024CE55 /* HomeViewController.swift */ = {isa = PBXFileReference; fileEncoding = 4; lastKnownFileType = sourcecode.swift; path = HomeViewController.swift; sourceTree = "<group>"; };
		8CDF69641D07B5470024CE55 /* SearchViewController.swift */ = {isa = PBXFileReference; fileEncoding = 4; lastKnownFileType = sourcecode.swift; path = SearchViewController.swift; sourceTree = "<group>"; };
		8CDF69671D07B93D0024CE55 /* HomeCollectionCell.swift */ = {isa = PBXFileReference; fileEncoding = 4; lastKnownFileType = sourcecode.swift; path = HomeCollectionCell.swift; sourceTree = "<group>"; };
		8CDF69691D07BFDB0024CE55 /* SpotifyTrack.swift */ = {isa = PBXFileReference; fileEncoding = 4; lastKnownFileType = sourcecode.swift; path = SpotifyTrack.swift; sourceTree = "<group>"; };
		8CDF696B1D07C34F0024CE55 /* SearchMusicTableCell.swift */ = {isa = PBXFileReference; fileEncoding = 4; lastKnownFileType = sourcecode.swift; path = SearchMusicTableCell.swift; sourceTree = "<group>"; };
		8CE082CD1D0FB73B00907395 /* home.png */ = {isa = PBXFileReference; lastKnownFileType = image.png; path = home.png; sourceTree = "<group>"; };
		8CE082D11D0FB7D400907395 /* search.png */ = {isa = PBXFileReference; lastKnownFileType = image.png; path = search.png; sourceTree = "<group>"; };
		F966F7E0FD2CDDA299873B92 /* Pods-SongBar.debug.xcconfig */ = {isa = PBXFileReference; includeInIndex = 1; lastKnownFileType = text.xcconfig; name = "Pods-SongBar.debug.xcconfig"; path = "Pods/Target Support Files/Pods-SongBar/Pods-SongBar.debug.xcconfig"; sourceTree = "<group>"; };
/* End PBXFileReference section */

/* Begin PBXFrameworksBuildPhase section */
		8CDF69451D07B1D30024CE55 /* Frameworks */ = {
			isa = PBXFrameworksBuildPhase;
			buildActionMask = 2147483647;
			files = (
				97277FB670D105552BD4BBF5 /* Pods_SongBar.framework in Frameworks */,
			);
			runOnlyForDeploymentPostprocessing = 0;
		};
/* End PBXFrameworksBuildPhase section */

/* Begin PBXGroup section */
		8C435F371D0E8A43002090B1 /* Images */ = {
			isa = PBXGroup;
			children = (
				8C9296ED1D10D99600144861 /* default_profile.png */,
				8CE082CD1D0FB73B00907395 /* home.png */,
				8CE082D11D0FB7D400907395 /* search.png */,
				8C9296E91D10D85C00144861 /* neutral_user.png */,
				8C9296E51D10D74600144861 /* Music-Concert-Crowd.jpg */,
			);
			name = Images;
			sourceTree = "<group>";
		};
		8CDF693F1D07B1D30024CE55 = {
			isa = PBXGroup;
			children = (
				8CDF694A1D07B1D30024CE55 /* SongBar */,
				8CDF69491D07B1D30024CE55 /* Products */,
				C733D83DE184D810FEDCDB0E /* Pods */,
				E4A5DF1786902B353A637116 /* Frameworks */,
			);
			sourceTree = "<group>";
		};
		8CDF69491D07B1D30024CE55 /* Products */ = {
			isa = PBXGroup;
			children = (
				8CDF69481D07B1D30024CE55 /* SongBar.app */,
			);
			name = Products;
			sourceTree = "<group>";
		};
		8CDF694A1D07B1D30024CE55 /* SongBar */ = {
			isa = PBXGroup;
			children = (
				8C435F371D0E8A43002090B1 /* Images */,
				8CDF69661D07B91B0024CE55 /* CustomCells */,
				8CDF69611D07B4B40024CE55 /* ViewControllers */,
				8CDF695E1D07B3C20024CE55 /* Models */,
				8CDF694B1D07B1D30024CE55 /* AppDelegate.swift */,
				8CDF694F1D07B1D30024CE55 /* Main.storyboard */,
				8CDF69521D07B1D30024CE55 /* Assets.xcassets */,
				8CDF69541D07B1D30024CE55 /* LaunchScreen.storyboard */,
				8CDF69571D07B1D30024CE55 /* Info.plist */,
				8C58322C1D09150F00E7D5AF /* GoogleService-Info.plist */,
			);
			path = SongBar;
			sourceTree = "<group>";
		};
		8CDF695E1D07B3C20024CE55 /* Models */ = {
			isa = PBXGroup;
			children = (
				8CDF695F1D07B4130024CE55 /* SpotifyAPI.swift */,
				8CDF69691D07BFDB0024CE55 /* SpotifyTrack.swift */,
				8C9296E31D10D53600144861 /* RoundButton.swift */,
				8CBC66A01D1504F7006A7331 /* Utilities.swift */,
				8C3DAD9E1D21F0C800B17F03 /* Track.swift */,
			);
			name = Models;
			sourceTree = "<group>";
		};
		8CDF69611D07B4B40024CE55 /* ViewControllers */ = {
			isa = PBXGroup;
			children = (
				8CDF69621D07B4D70024CE55 /* HomeViewController.swift */,
				8CDF69641D07B5470024CE55 /* SearchViewController.swift */,
				8CA114EA1D0C8F680091A25F /* LoginViewController.swift */,
				8CA7B0B51D110B3C00ECC54C /* SignUpViewController.swift */,
				8C7872061D15DC580066886A /* ProfileHeaderView.swift */,
				8C7872081D15DD510066886A /* ProfileViewController.swift */,
				8CABB9621D1F2200005F9A12 /* AnyUserViewController.swift */,
				8C97DBAE1D20C53200981ADD /* AudienceViewController.swift */,
			);
			name = ViewControllers;
			sourceTree = "<group>";
		};
		8CDF69661D07B91B0024CE55 /* CustomCells */ = {
			isa = PBXGroup;
			children = (
				8CDF69671D07B93D0024CE55 /* HomeCollectionCell.swift */,
				8CDF696B1D07C34F0024CE55 /* SearchMusicTableCell.swift */,
				8CAD08921D15F289006072DB /* ProfileHeaderTableViewCell.swift */,
				8CAD08941D15FB07006072DB /* ProfileTableViewCell.swift */,
				8CABB9641D1F2ABF005F9A12 /* UserHeaderTableViewCell.swift */,
				8CABB9661D1F7A58005F9A12 /* UserTableViewCell.swift */,
				8C97DBAC1D20C51F00981ADD /* AudienceTableViewCell.swift */,
			);
			name = CustomCells;
			sourceTree = "<group>";
		};
		C733D83DE184D810FEDCDB0E /* Pods */ = {
			isa = PBXGroup;
			children = (
				F966F7E0FD2CDDA299873B92 /* Pods-SongBar.debug.xcconfig */,
				76E90A5D9FC6E92CC7295C36 /* Pods-SongBar.release.xcconfig */,
			);
			name = Pods;
			sourceTree = "<group>";
		};
		E4A5DF1786902B353A637116 /* Frameworks */ = {
			isa = PBXGroup;
			children = (
				8A604E841DCA74B27652B9A1 /* Pods_SongBar.framework */,
			);
			name = Frameworks;
			sourceTree = "<group>";
		};
/* End PBXGroup section */

/* Begin PBXNativeTarget section */
		8CDF69471D07B1D30024CE55 /* SongBar */ = {
			isa = PBXNativeTarget;
			buildConfigurationList = 8CDF695A1D07B1D30024CE55 /* Build configuration list for PBXNativeTarget "SongBar" */;
			buildPhases = (
				09EB752526DDA4CC996BBB86 /* Check Pods Manifest.lock */,
				8CDF69441D07B1D30024CE55 /* Sources */,
				8CDF69451D07B1D30024CE55 /* Frameworks */,
				8CDF69461D07B1D30024CE55 /* Resources */,
				97BF661423691F32E6D6A86E /* Embed Pods Frameworks */,
				2255DACD61B92FF06B36B977 /* Copy Pods Resources */,
			);
			buildRules = (
			);
			dependencies = (
			);
			name = SongBar;
			productName = SongBar;
			productReference = 8CDF69481D07B1D30024CE55 /* SongBar.app */;
			productType = "com.apple.product-type.application";
		};
/* End PBXNativeTarget section */

/* Begin PBXProject section */
		8CDF69401D07B1D30024CE55 /* Project object */ = {
			isa = PBXProject;
			attributes = {
				LastSwiftUpdateCheck = 0730;
				LastUpgradeCheck = 0730;
				ORGANIZATIONNAME = lil9porkchop;
				TargetAttributes = {
					8CDF69471D07B1D30024CE55 = {
						CreatedOnToolsVersion = 7.3;
						DevelopmentTeam = F9J6KGE3KA;
					};
				};
			};
			buildConfigurationList = 8CDF69431D07B1D30024CE55 /* Build configuration list for PBXProject "SongBar" */;
			compatibilityVersion = "Xcode 3.2";
			developmentRegion = English;
			hasScannedForEncodings = 0;
			knownRegions = (
				en,
				Base,
			);
			mainGroup = 8CDF693F1D07B1D30024CE55;
			productRefGroup = 8CDF69491D07B1D30024CE55 /* Products */;
			projectDirPath = "";
			projectRoot = "";
			targets = (
				8CDF69471D07B1D30024CE55 /* SongBar */,
			);
		};
/* End PBXProject section */

/* Begin PBXResourcesBuildPhase section */
		8CDF69461D07B1D30024CE55 /* Resources */ = {
			isa = PBXResourcesBuildPhase;
			buildActionMask = 2147483647;
			files = (
				8C9296EA1D10D85C00144861 /* neutral_user.png in Resources */,
				8CDF69561D07B1D30024CE55 /* LaunchScreen.storyboard in Resources */,
				8CE082CE1D0FB73B00907395 /* home.png in Resources */,
				8CE082D21D0FB7D400907395 /* search.png in Resources */,
				8C9296EE1D10D99600144861 /* default_profile.png in Resources */,
				8C58322D1D09150F00E7D5AF /* GoogleService-Info.plist in Resources */,
				8CDF69531D07B1D30024CE55 /* Assets.xcassets in Resources */,
				8C9296E61D10D74600144861 /* Music-Concert-Crowd.jpg in Resources */,
				8CDF69511D07B1D30024CE55 /* Main.storyboard in Resources */,
			);
			runOnlyForDeploymentPostprocessing = 0;
		};
/* End PBXResourcesBuildPhase section */

/* Begin PBXShellScriptBuildPhase section */
		09EB752526DDA4CC996BBB86 /* Check Pods Manifest.lock */ = {
			isa = PBXShellScriptBuildPhase;
			buildActionMask = 2147483647;
			files = (
			);
			inputPaths = (
			);
			name = "Check Pods Manifest.lock";
			outputPaths = (
			);
			runOnlyForDeploymentPostprocessing = 0;
			shellPath = /bin/sh;
			shellScript = "diff \"${PODS_ROOT}/../Podfile.lock\" \"${PODS_ROOT}/Manifest.lock\" > /dev/null\nif [[ $? != 0 ]] ; then\n    cat << EOM\nerror: The sandbox is not in sync with the Podfile.lock. Run 'pod install' or update your CocoaPods installation.\nEOM\n    exit 1\nfi\n";
			showEnvVarsInLog = 0;
		};
		2255DACD61B92FF06B36B977 /* Copy Pods Resources */ = {
			isa = PBXShellScriptBuildPhase;
			buildActionMask = 2147483647;
			files = (
			);
			inputPaths = (
			);
			name = "Copy Pods Resources";
			outputPaths = (
			);
			runOnlyForDeploymentPostprocessing = 0;
			shellPath = /bin/sh;
			shellScript = "\"${SRCROOT}/Pods/Target Support Files/Pods-SongBar/Pods-SongBar-resources.sh\"\n";
			showEnvVarsInLog = 0;
		};
		97BF661423691F32E6D6A86E /* Embed Pods Frameworks */ = {
			isa = PBXShellScriptBuildPhase;
			buildActionMask = 2147483647;
			files = (
			);
			inputPaths = (
			);
			name = "Embed Pods Frameworks";
			outputPaths = (
			);
			runOnlyForDeploymentPostprocessing = 0;
			shellPath = /bin/sh;
			shellScript = "\"${SRCROOT}/Pods/Target Support Files/Pods-SongBar/Pods-SongBar-frameworks.sh\"\n";
			showEnvVarsInLog = 0;
		};
/* End PBXShellScriptBuildPhase section */

/* Begin PBXSourcesBuildPhase section */
		8CDF69441D07B1D30024CE55 /* Sources */ = {
			isa = PBXSourcesBuildPhase;
			buildActionMask = 2147483647;
			files = (
				8CAD08931D15F289006072DB /* ProfileHeaderTableViewCell.swift in Sources */,
				8CA114EB1D0C8F680091A25F /* LoginViewController.swift in Sources */,
				8CDF69681D07B93D0024CE55 /* HomeCollectionCell.swift in Sources */,
				8C97DBAD1D20C51F00981ADD /* AudienceTableViewCell.swift in Sources */,
				8CDF69601D07B4130024CE55 /* SpotifyAPI.swift in Sources */,
				8CDF696A1D07BFDB0024CE55 /* SpotifyTrack.swift in Sources */,
				8CBC66A11D1504F7006A7331 /* Utilities.swift in Sources */,
				8C9296E41D10D53600144861 /* RoundButton.swift in Sources */,
				8CDF69651D07B5470024CE55 /* SearchViewController.swift in Sources */,
				8CDF696C1D07C34F0024CE55 /* SearchMusicTableCell.swift in Sources */,
				8C7872091D15DD510066886A /* ProfileViewController.swift in Sources */,
				8CABB9671D1F7A58005F9A12 /* UserTableViewCell.swift in Sources */,
				8C97DBAF1D20C53200981ADD /* AudienceViewController.swift in Sources */,
				8CDF694C1D07B1D30024CE55 /* AppDelegate.swift in Sources */,
				8CDF69631D07B4D70024CE55 /* HomeViewController.swift in Sources */,
				8CABB9631D1F2200005F9A12 /* AnyUserViewController.swift in Sources */,
				8C7872071D15DC580066886A /* ProfileHeaderView.swift in Sources */,
				8CAD08951D15FB07006072DB /* ProfileTableViewCell.swift in Sources */,
				8CA7B0B61D110B3C00ECC54C /* SignUpViewController.swift in Sources */,
				8CABB9651D1F2ABF005F9A12 /* UserHeaderTableViewCell.swift in Sources */,
				8C3DAD9F1D21F0C800B17F03 /* Track.swift in Sources */,
			);
			runOnlyForDeploymentPostprocessing = 0;
		};
/* End PBXSourcesBuildPhase section */

/* Begin PBXVariantGroup section */
		8CDF694F1D07B1D30024CE55 /* Main.storyboard */ = {
			isa = PBXVariantGroup;
			children = (
				8CDF69501D07B1D30024CE55 /* Base */,
			);
			name = Main.storyboard;
			sourceTree = "<group>";
		};
		8CDF69541D07B1D30024CE55 /* LaunchScreen.storyboard */ = {
			isa = PBXVariantGroup;
			children = (
				8CDF69551D07B1D30024CE55 /* Base */,
			);
			name = LaunchScreen.storyboard;
			sourceTree = "<group>";
		};
/* End PBXVariantGroup section */

/* Begin XCBuildConfiguration section */
		8CDF69581D07B1D30024CE55 /* Debug */ = {
			isa = XCBuildConfiguration;
			buildSettings = {
				ALWAYS_SEARCH_USER_PATHS = NO;
				CLANG_ANALYZER_NONNULL = YES;
				CLANG_CXX_LANGUAGE_STANDARD = "gnu++0x";
				CLANG_CXX_LIBRARY = "libc++";
				CLANG_ENABLE_MODULES = YES;
				CLANG_ENABLE_OBJC_ARC = YES;
				CLANG_WARN_BOOL_CONVERSION = YES;
				CLANG_WARN_CONSTANT_CONVERSION = YES;
				CLANG_WARN_DIRECT_OBJC_ISA_USAGE = YES_ERROR;
				CLANG_WARN_EMPTY_BODY = YES;
				CLANG_WARN_ENUM_CONVERSION = YES;
				CLANG_WARN_INT_CONVERSION = YES;
				CLANG_WARN_OBJC_ROOT_CLASS = YES_ERROR;
				CLANG_WARN_UNREACHABLE_CODE = YES;
				CLANG_WARN__DUPLICATE_METHOD_MATCH = YES;
				"CODE_SIGN_IDENTITY[sdk=iphoneos*]" = "iPhone Developer";
				COPY_PHASE_STRIP = NO;
				DEBUG_INFORMATION_FORMAT = dwarf;
				ENABLE_STRICT_OBJC_MSGSEND = YES;
				ENABLE_TESTABILITY = YES;
				GCC_C_LANGUAGE_STANDARD = gnu99;
				GCC_DYNAMIC_NO_PIC = NO;
				GCC_NO_COMMON_BLOCKS = YES;
				GCC_OPTIMIZATION_LEVEL = 0;
				GCC_PREPROCESSOR_DEFINITIONS = (
					"DEBUG=1",
					"$(inherited)",
				);
				GCC_WARN_64_TO_32_BIT_CONVERSION = YES;
				GCC_WARN_ABOUT_RETURN_TYPE = YES_ERROR;
				GCC_WARN_UNDECLARED_SELECTOR = YES;
				GCC_WARN_UNINITIALIZED_AUTOS = YES_AGGRESSIVE;
				GCC_WARN_UNUSED_FUNCTION = YES;
				GCC_WARN_UNUSED_VARIABLE = YES;
				IPHONEOS_DEPLOYMENT_TARGET = 9.3;
				MTL_ENABLE_DEBUG_INFO = YES;
				ONLY_ACTIVE_ARCH = YES;
				SDKROOT = iphoneos;
				SWIFT_OPTIMIZATION_LEVEL = "-Onone";
				TARGETED_DEVICE_FAMILY = "1,2";
			};
			name = Debug;
		};
		8CDF69591D07B1D30024CE55 /* Release */ = {
			isa = XCBuildConfiguration;
			buildSettings = {
				ALWAYS_SEARCH_USER_PATHS = NO;
				CLANG_ANALYZER_NONNULL = YES;
				CLANG_CXX_LANGUAGE_STANDARD = "gnu++0x";
				CLANG_CXX_LIBRARY = "libc++";
				CLANG_ENABLE_MODULES = YES;
				CLANG_ENABLE_OBJC_ARC = YES;
				CLANG_WARN_BOOL_CONVERSION = YES;
				CLANG_WARN_CONSTANT_CONVERSION = YES;
				CLANG_WARN_DIRECT_OBJC_ISA_USAGE = YES_ERROR;
				CLANG_WARN_EMPTY_BODY = YES;
				CLANG_WARN_ENUM_CONVERSION = YES;
				CLANG_WARN_INT_CONVERSION = YES;
				CLANG_WARN_OBJC_ROOT_CLASS = YES_ERROR;
				CLANG_WARN_UNREACHABLE_CODE = YES;
				CLANG_WARN__DUPLICATE_METHOD_MATCH = YES;
				"CODE_SIGN_IDENTITY[sdk=iphoneos*]" = "iPhone Developer";
				COPY_PHASE_STRIP = NO;
				DEBUG_INFORMATION_FORMAT = "dwarf-with-dsym";
				ENABLE_NS_ASSERTIONS = NO;
				ENABLE_STRICT_OBJC_MSGSEND = YES;
				GCC_C_LANGUAGE_STANDARD = gnu99;
				GCC_NO_COMMON_BLOCKS = YES;
				GCC_WARN_64_TO_32_BIT_CONVERSION = YES;
				GCC_WARN_ABOUT_RETURN_TYPE = YES_ERROR;
				GCC_WARN_UNDECLARED_SELECTOR = YES;
				GCC_WARN_UNINITIALIZED_AUTOS = YES_AGGRESSIVE;
				GCC_WARN_UNUSED_FUNCTION = YES;
				GCC_WARN_UNUSED_VARIABLE = YES;
				IPHONEOS_DEPLOYMENT_TARGET = 9.3;
				MTL_ENABLE_DEBUG_INFO = NO;
				SDKROOT = iphoneos;
				TARGETED_DEVICE_FAMILY = "1,2";
				VALIDATE_PRODUCT = YES;
			};
			name = Release;
		};
		8CDF695B1D07B1D30024CE55 /* Debug */ = {
			isa = XCBuildConfiguration;
			baseConfigurationReference = F966F7E0FD2CDDA299873B92 /* Pods-SongBar.debug.xcconfig */;
			buildSettings = {
				ASSETCATALOG_COMPILER_APPICON_NAME = AppIcon;
				CODE_SIGN_IDENTITY = "iPhone Developer";
				INFOPLIST_FILE = SongBar/Info.plist;
				LD_RUNPATH_SEARCH_PATHS = "$(inherited) @executable_path/Frameworks";
				PRODUCT_BUNDLE_IDENTIFIER = com.lil9porkchop.SongBar;
				PRODUCT_NAME = "$(TARGET_NAME)";
				PROVISIONING_PROFILE = "";
			};
			name = Debug;
		};
		8CDF695C1D07B1D30024CE55 /* Release */ = {
			isa = XCBuildConfiguration;
			baseConfigurationReference = 76E90A5D9FC6E92CC7295C36 /* Pods-SongBar.release.xcconfig */;
			buildSettings = {
				ASSETCATALOG_COMPILER_APPICON_NAME = AppIcon;
				CODE_SIGN_IDENTITY = "iPhone Developer";
				INFOPLIST_FILE = SongBar/Info.plist;
				LD_RUNPATH_SEARCH_PATHS = "$(inherited) @executable_path/Frameworks";
				PRODUCT_BUNDLE_IDENTIFIER = com.lil9porkchop.SongBar;
				PRODUCT_NAME = "$(TARGET_NAME)";
				PROVISIONING_PROFILE = "";
			};
			name = Release;
		};
/* End XCBuildConfiguration section */

/* Begin XCConfigurationList section */
		8CDF69431D07B1D30024CE55 /* Build configuration list for PBXProject "SongBar" */ = {
			isa = XCConfigurationList;
			buildConfigurations = (
				8CDF69581D07B1D30024CE55 /* Debug */,
				8CDF69591D07B1D30024CE55 /* Release */,
			);
			defaultConfigurationIsVisible = 0;
			defaultConfigurationName = Release;
		};
		8CDF695A1D07B1D30024CE55 /* Build configuration list for PBXNativeTarget "SongBar" */ = {
			isa = XCConfigurationList;
			buildConfigurations = (
				8CDF695B1D07B1D30024CE55 /* Debug */,
				8CDF695C1D07B1D30024CE55 /* Release */,
			);
			defaultConfigurationIsVisible = 0;
			defaultConfigurationName = Release;
		};
/* End XCConfigurationList section */
	};
	rootObject = 8CDF69401D07B1D30024CE55 /* Project object */;
}
